
Microsoft Visual Studio Solution File, Format Version 12.00
# Visual Studio 15
VisualStudioVersion = 15.0.26430.16
MinimumVisualStudioVersion = 10.0.40219.1
Project("{FAE04EC0-301F-11D3-BF4B-00C04F79EFBC}") = "Tictactoe", "Tictactoe\Tictactoe.csproj", "{4CE63DF0-C258-4D58-BF09-7849C348F70F}"
EndProject
Project("{FAE04EC0-301F-11D3-BF4B-00C04F79EFBC}") = "TictactoeTests", "TictactoeTests\TictactoeTests.csproj", "{BDB74E1E-A401-4CF5-ADFF-7B63CCB951DC}"
EndProject
Global
	GlobalSection(SolutionConfigurationPlatforms) = preSolution
		Debug|Any CPU = Debug|Any CPU
		Release|Any CPU = Release|Any CPU
	EndGlobalSection
	GlobalSection(ProjectConfigurationPlatforms) = postSolution
		{4CE63DF0-C258-4D58-BF09-7849C348F70F}.Debug|Any CPU.ActiveCfg = Debug|Any CPU
		{4CE63DF0-C258-4D58-BF09-7849C348F70F}.Debug|Any CPU.Build.0 = Debug|Any CPU
		{4CE63DF0-C258-4D58-BF09-7849C348F70F}.Release|Any CPU.ActiveCfg = Release|Any CPU
		{4CE63DF0-C258-4D58-BF09-7849C348F70F}.Release|Any CPU.Build.0 = Release|Any CPU
		{BDB74E1E-A401-4CF5-ADFF-7B63CCB951DC}.Debug|Any CPU.ActiveCfg = Debug|Any CPU
		{BDB74E1E-A401-4CF5-ADFF-7B63CCB951DC}.Debug|Any CPU.Build.0 = Debug|Any CPU
		{BDB74E1E-A401-4CF5-ADFF-7B63CCB951DC}.Release|Any CPU.ActiveCfg = Release|Any CPU
		{BDB74E1E-A401-4CF5-ADFF-7B63CCB951DC}.Release|Any CPU.Build.0 = Release|Any CPU
	EndGlobalSection
	GlobalSection(SolutionProperties) = preSolution
		HideSolutionNode = FALSE
	EndGlobalSection
EndGlobal
